
Microsoft Visual Studio Solution File, Format Version 12.00
# Visual Studio Version 16
VisualStudioVersion = 16.0.29709.97
MinimumVisualStudioVersion = 10.0.40219.1
Project("{2150E333-8FDC-42A3-9474-1A3956D46DE8}") = "1 - Presentation Layer", "1 - Presentation Layer", "{558B9CCE-0029-48A7-B2B1-4F157AC950D8}"
EndProject
Project("{2150E333-8FDC-42A3-9474-1A3956D46DE8}") = "2 - Application Layer", "2 - Application Layer", "{FC4A0046-ECB6-402F-A014-5ADF1D9272D9}"
EndProject
Project("{2150E333-8FDC-42A3-9474-1A3956D46DE8}") = "3 - Domain Layer", "3 - Domain Layer", "{29E7F326-B71C-4C16-A4A8-B75A2E64D238}"
EndProject
Project("{2150E333-8FDC-42A3-9474-1A3956D46DE8}") = "4 - InfraStructure Layer", "4 - InfraStructure Layer", "{00986D88-479B-42AE-9251-D287843822E2}"
EndProject
Project("{FAE04EC0-301F-11D3-BF4B-00C04F79EFBC}") = "Projeto.Presentation", "Projeto.Presentation\Projeto.Presentation.csproj", "{17797728-4C4B-41DE-A0AE-24AD65C898DC}"
EndProject
Project("{FAE04EC0-301F-11D3-BF4B-00C04F79EFBC}") = "Projeto.Application", "Projeto.Application\Projeto.Application.csproj", "{9F433F02-8608-4520-81FF-6527E4474D7F}"
EndProject
Project("{FAE04EC0-301F-11D3-BF4B-00C04F79EFBC}") = "Projeto.Domain", "Projeto.Domain\Projeto.Domain.csproj", "{ED1FCF2F-82C6-4DCA-8558-416C3F3C5537}"
EndProject
Project("{FAE04EC0-301F-11D3-BF4B-00C04F79EFBC}") = "Projeto.Infra.Data", "Projeto.Infra.Data\Projeto.Infra.Data.csproj", "{8BA11092-1567-4874-8F0E-0EC15207F93E}"
EndProject
Global
	GlobalSection(SolutionConfigurationPlatforms) = preSolution
		Debug|Any CPU = Debug|Any CPU
		Release|Any CPU = Release|Any CPU
	EndGlobalSection
	GlobalSection(ProjectConfigurationPlatforms) = postSolution
		{17797728-4C4B-41DE-A0AE-24AD65C898DC}.Debug|Any CPU.ActiveCfg = Debug|Any CPU
		{17797728-4C4B-41DE-A0AE-24AD65C898DC}.Debug|Any CPU.Build.0 = Debug|Any CPU
		{17797728-4C4B-41DE-A0AE-24AD65C898DC}.Release|Any CPU.ActiveCfg = Release|Any CPU
		{17797728-4C4B-41DE-A0AE-24AD65C898DC}.Release|Any CPU.Build.0 = Release|Any CPU
		{9F433F02-8608-4520-81FF-6527E4474D7F}.Debug|Any CPU.ActiveCfg = Debug|Any CPU
		{9F433F02-8608-4520-81FF-6527E4474D7F}.Debug|Any CPU.Build.0 = Debug|Any CPU
		{9F433F02-8608-4520-81FF-6527E4474D7F}.Release|Any CPU.ActiveCfg = Release|Any CPU
		{9F433F02-8608-4520-81FF-6527E4474D7F}.Release|Any CPU.Build.0 = Release|Any CPU
		{ED1FCF2F-82C6-4DCA-8558-416C3F3C5537}.Debug|Any CPU.ActiveCfg = Debug|Any CPU
		{ED1FCF2F-82C6-4DCA-8558-416C3F3C5537}.Debug|Any CPU.Build.0 = Debug|Any CPU
		{ED1FCF2F-82C6-4DCA-8558-416C3F3C5537}.Release|Any CPU.ActiveCfg = Release|Any CPU
		{ED1FCF2F-82C6-4DCA-8558-416C3F3C5537}.Release|Any CPU.Build.0 = Release|Any CPU
		{8BA11092-1567-4874-8F0E-0EC15207F93E}.Debug|Any CPU.ActiveCfg = Debug|Any CPU
		{8BA11092-1567-4874-8F0E-0EC15207F93E}.Debug|Any CPU.Build.0 = Debug|Any CPU
		{8BA11092-1567-4874-8F0E-0EC15207F93E}.Release|Any CPU.ActiveCfg = Release|Any CPU
		{8BA11092-1567-4874-8F0E-0EC15207F93E}.Release|Any CPU.Build.0 = Release|Any CPU
	EndGlobalSection
	GlobalSection(SolutionProperties) = preSolution
		HideSolutionNode = FALSE
	EndGlobalSection
	GlobalSection(NestedProjects) = preSolution
		{17797728-4C4B-41DE-A0AE-24AD65C898DC} = {558B9CCE-0029-48A7-B2B1-4F157AC950D8}
		{9F433F02-8608-4520-81FF-6527E4474D7F} = {FC4A0046-ECB6-402F-A014-5ADF1D9272D9}
		{ED1FCF2F-82C6-4DCA-8558-416C3F3C5537} = {29E7F326-B71C-4C16-A4A8-B75A2E64D238}
		{8BA11092-1567-4874-8F0E-0EC15207F93E} = {00986D88-479B-42AE-9251-D287843822E2}
	EndGlobalSection
	GlobalSection(ExtensibilityGlobals) = postSolution
		SolutionGuid = {7B82F87A-6C29-4909-9180-43802B41163F}
	EndGlobalSection
EndGlobal
